<Solution>
  <Folder Name="/src/">
    <Project Path="src/CreditCardApi.Application/CreditCardApi.Application.csproj" />
    <Project Path="src/CreditCardApi.Domain/CreditCardApi.Domain.csproj" />
    <Project Path="src/CreditCardApi.Infrastructure/CreditCardApi.Infrastructure.csproj" />
    <Project Path="src/CreditCardApi.WebApi/CreditCardApi.WebApi.csproj" />
  </Folder>
  <Folder Name="/tests/">
    <Project Path="tests/CreditCardApi.Tests/CreditCardApi.Tests.csproj" />
  </Folder>
</Solution>
