<Solution>
  <Folder Name="/src/">
    <Project Path="src/CreditCardApi.Api/CreditCardApi.Api.csproj" />
    <Project Path="src/CreditCardApi.Application/CreditCardApi.Application.csproj" />
    <Project Path="src/CreditCardApi.Domain/CreditCardApi.Domain.csproj" />
    <Project Path="src/CreditCardApi.Infrastructure/CreditCardApi.Infrastructure.csproj" />
  </Folder>
  <Folder Name="/tests/">
    <Project Path="tests/CreditCardApi.UnitTests/CreditCardApi.UnitTests.csproj" />
  </Folder>
</Solution>
